<Solution>
  <Configurations>
    <Platform Name="x64" />
    <Platform Name="x86" />
  </Configurations>
  <Project Path="../LAB0802/LAB0802.vcxproj" Id="08d0206b-6ab1-422c-9eee-c606d6168e6c" />
  <Project Path="../LAB0803/LAB0803.vcxproj" Id="55feeb71-9419-4415-b51f-5c54dd42dfa8" />
  <Project Path="../LAB0804/LAB0804.vcxproj" Id="ae8d991c-601d-41af-8cb1-104b40d7e56b" />
  <Project Path="../LAB0805/LAB0805.vcxproj" Id="9b99fa2c-db25-4973-a8ad-bff385bc1121" />
  <Project Path="../LAB0806/LAB0806.vcxproj" Id="dd44f394-eca0-4b45-b85f-ab6348bfe4e8" />
  <Project Path="../LAB08077/LAB08077.vcxproj" Id="eb1818cc-795f-4e21-831b-4a0a2595878e" />
  <Project Path="LAB0801.vcxproj" Id="47cbf5bd-907f-43c6-913d-72c443c8ddfa" />
</Solution>
